// !$*UTF8*$!
{
	archiveVersion = 1;
	classes = {
	};
	objectVersion = 46;
	objects = {

/* Begin PBXBuildFile section */
		356024E81ACF081300B697E9 /* hash.c in Sources */ = {isa = PBXBuildFile; fileRef = 356024E71ACF081300B697E9 /* hash.c */; };
		359D5BFD1ABF12110001FD13 /* main.c in Sources */ = {isa = PBXBuildFile; fileRef = 359D5BFC1ABF12110001FD13 /* main.c */; };
/* End PBXBuildFile section */

/* Begin PBXCopyFilesBuildPhase section */
		359D5BF71ABF12110001FD13 /* CopyFiles */ = {
			isa = PBXCopyFilesBuildPhase;
			buildActionMask = 2147483647;
			dstPath = /usr/share/man/man1/;
			dstSubfolderSpec = 0;
			files = (
			);
			runOnlyForDeploymentPostprocessing = 1;
		};
/* End PBXCopyFilesBuildPhase section */

/* Begin PBXFileReference section */
		356024E61ACF081300B697E9 /* hash.h */ = {isa = PBXFileReference; fileEncoding = 4; lastKnownFileType = sourcecode.c.h; path = hash.h; sourceTree = "<group>"; };
		356024E71ACF081300B697E9 /* hash.c */ = {isa = PBXFileReference; fileEncoding = 4; lastKnownFileType = sourcecode.c.c; path = hash.c; sourceTree = "<group>"; };
		359D5BF91ABF12110001FD13 /* task4 */ = {isa = PBXFileReference; explicitFileType = "compiled.mach-o.executable"; includeInIndex = 0; path = task4; sourceTree = BUILT_PRODUCTS_DIR; };
		359D5BFC1ABF12110001FD13 /* main.c */ = {isa = PBXFileReference; lastKnownFileType = sourcecode.c.c; path = main.c; sourceTree = "<group>"; };
/* End PBXFileReference section */

/* Begin PBXFrameworksBuildPhase section */
		359D5BF61ABF12110001FD13 /* Frameworks */ = {
			isa = PBXFrameworksBuildPhase;
			buildActionMask = 2147483647;
			files = (
			);
			runOnlyForDeploymentPostprocessing = 0;
		};
/* End PBXFrameworksBuildPhase section */

/* Begin PBXGroup section */
		359D5BF01ABF12100001FD13 = {
			isa = PBXGroup;
			children = (
				359D5BFB1ABF12110001FD13 /* task4 */,
				359D5BFA1ABF12110001FD13 /* Products */,
			);
			sourceTree = "<group>";
		};
		359D5BFA1ABF12110001FD13 /* Products */ = {
			isa = PBXGroup;
			children = (
				359D5BF91ABF12110001FD13 /* task4 */,
			);
			name = Products;
			sourceTree = "<group>";
		};
		359D5BFB1ABF12110001FD13 /* task4 */ = {
			isa = PBXGroup;
			children = (
				356024E61ACF081300B697E9 /* hash.h */,
				356024E71ACF081300B697E9 /* hash.c */,
				359D5BFC1ABF12110001FD13 /* main.c */,
			);
			path = task4;
			sourceTree = "<group>";
		};
/* End PBXGroup section */

/* Begin PBXNativeTarget section */
		359D5BF81ABF12110001FD13 /* task4 */ = {
			isa = PBXNativeTarget;
			buildConfigurationList = 359D5C001ABF12110001FD13 /* Build configuration list for PBXNativeTarget "task4" */;
			buildPhases = (
				359D5BF51ABF12110001FD13 /* Sources */,
				359D5BF61ABF12110001FD13 /* Frameworks */,
				359D5BF71ABF12110001FD13 /* CopyFiles */,
			);
			buildRules = (
			);
			dependencies = (
			);
			name = task4;
			productName = task4;
			productReference = 359D5BF91ABF12110001FD13 /* task4 */;
			productType = "com.apple.product-type.tool";
		};
/* End PBXNativeTarget section */

/* Begin PBXProject section */
		359D5BF11ABF12100001FD13 /* Project object */ = {
			isa = PBXProject;
			attributes = {
				LastUpgradeCheck = 0610;
				ORGANIZATIONNAME = "Alexander Laktionov";
				TargetAttributes = {
					359D5BF81ABF12110001FD13 = {
						CreatedOnToolsVersion = 6.1;
					};
				};
			};
			buildConfigurationList = 359D5BF41ABF12100001FD13 /* Build configuration list for PBXProject "task4" */;
			compatibilityVersion = "Xcode 3.2";
			developmentRegion = English;
			hasScannedForEncodings = 0;
			knownRegions = (
				en,
			);
			mainGroup = 359D5BF01ABF12100001FD13;
			productRefGroup = 359D5BFA1ABF12110001FD13 /* Products */;
			projectDirPath = "";
			projectRoot = "";
			targets = (
				359D5BF81ABF12110001FD13 /* task4 */,
			);
		};
/* End PBXProject section */

/* Begin PBXSourcesBuildPhase section */
		359D5BF51ABF12110001FD13 /* Sources */ = {
			isa = PBXSourcesBuildPhase;
			buildActionMask = 2147483647;
			files = (
				359D5BFD1ABF12110001FD13 /* main.c in Sources */,
				356024E81ACF081300B697E9 /* hash.c in Sources */,
			);
			runOnlyForDeploymentPostprocessing = 0;
		};
/* End PBXSourcesBuildPhase section */

/* Begin XCBuildConfiguration section */
		359D5BFE1ABF12110001FD13 /* Debug */ = {
			isa = XCBuildConfiguration;
			buildSettings = {
				ALWAYS_SEARCH_USER_PATHS = NO;
				CLANG_CXX_LANGUAGE_STANDARD = "gnu++0x";
				CLANG_CXX_LIBRARY = "libc++";
				CLANG_ENABLE_MODULES = YES;
				CLANG_ENABLE_OBJC_ARC = YES;
				CLANG_WARN_BOOL_CONVERSION = YES;
				CLANG_WARN_CONSTANT_CONVERSION = YES;
				CLANG_WARN_DIRECT_OBJC_ISA_USAGE = YES_ERROR;
				CLANG_WARN_EMPTY_BODY = YES;
				CLANG_WARN_ENUM_CONVERSION = YES;
				CLANG_WARN_INT_CONVERSION = YES;
				CLANG_WARN_OBJC_ROOT_CLASS = YES_ERROR;
				CLANG_WARN_UNREACHABLE_CODE = YES;
				CLANG_WARN__DUPLICATE_METHOD_MATCH = YES;
				COPY_PHASE_STRIP = NO;
				ENABLE_STRICT_OBJC_MSGSEND = YES;
				GCC_C_LANGUAGE_STANDARD = gnu99;
				GCC_DYNAMIC_NO_PIC = NO;
				GCC_OPTIMIZATION_LEVEL = 0;
				GCC_PREPROCESSOR_DEFINITIONS = (
					"DEBUG=1",
					"$(inherited)",
				);
				GCC_SYMBOLS_PRIVATE_EXTERN = NO;
				GCC_WARN_64_TO_32_BIT_CONVERSION = YES;
				GCC_WARN_ABOUT_RETURN_TYPE = YES_ERROR;
				GCC_WARN_UNDECLARED_SELECTOR = YES;
				GCC_WARN_UNINITIALIZED_AUTOS = YES_AGGRESSIVE;
				GCC_WARN_UNUSED_FUNCTION = YES;
				GCC_WARN_UNUSED_VARIABLE = YES;
				MACOSX_DEPLOYMENT_TARGET = 10.10;
				MTL_ENABLE_DEBUG_INFO = YES;
				ONLY_ACTIVE_ARCH = YES;
				SDKROOT = macosx;
			};
			name = Debug;
		};
		359D5BFF1ABF12110001FD13 /* Release */ = {
			isa = XCBuildConfiguration;
			buildSettings = {
				ALWAYS_SEARCH_USER_PATHS = NO;
				CLANG_CXX_LANGUAGE_STANDARD = "gnu++0x";
				CLANG_CXX_LIBRARY = "libc++";
				CLANG_ENABLE_MODULES = YES;
				CLANG_ENABLE_OBJC_ARC = YES;
				CLANG_WARN_BOOL_CONVERSION = YES;
				CLANG_WARN_CONSTANT_CONVERSION = YES;
				CLANG_WARN_DIRECT_OBJC_ISA_USAGE = YES_ERROR;
				CLANG_WARN_EMPTY_BODY = YES;
				CLANG_WARN_ENUM_CONVERSION = YES;
				CLANG_WARN_INT_CONVERSION = YES;
				CLANG_WARN_OBJC_ROOT_CLASS = YES_ERROR;
				CLANG_WARN_UNREACHABLE_CODE = YES;
				CLANG_WARN__DUPLICATE_METHOD_MATCH = YES;
				COPY_PHASE_STRIP = YES;
				DEBUG_INFORMATION_FORMAT = "dwarf-with-dsym";
				ENABLE_NS_ASSERTIONS = NO;
				ENABLE_STRICT_OBJC_MSGSEND = YES;
				GCC_C_LANGUAGE_STANDARD = gnu99;
				GCC_WARN_64_TO_32_BIT_CONVERSION = YES;
				GCC_WARN_ABOUT_RETURN_TYPE = YES_ERROR;
				GCC_WARN_UNDECLARED_SELECTOR = YES;
				GCC_WARN_UNINITIALIZED_AUTOS = YES_AGGRESSIVE;
				GCC_WARN_UNUSED_FUNCTION = YES;
				GCC_WARN_UNUSED_VARIABLE = YES;
				MACOSX_DEPLOYMENT_TARGET = 10.10;
				MTL_ENABLE_DEBUG_INFO = NO;
				SDKROOT = macosx;
			};
			name = Release;
		};
		359D5C011ABF12110001FD13 /* Debug */ = {
			isa = XCBuildConfiguration;
			buildSettings = {
				PRODUCT_NAME = "$(TARGET_NAME)";
			};
			name = Debug;
		};
		359D5C021ABF12110001FD13 /* Release */ = {
			isa = XCBuildConfiguration;
			buildSettings = {
				PRODUCT_NAME = "$(TARGET_NAME)";
			};
			name = Release;
		};
/* End XCBuildConfiguration section */

/* Begin XCConfigurationList section */
		359D5BF41ABF12100001FD13 /* Build configuration list for PBXProject "task4" */ = {
			isa = XCConfigurationList;
			buildConfigurations = (
				359D5BFE1ABF12110001FD13 /* Debug */,
				359D5BFF1ABF12110001FD13 /* Release */,
			);
			defaultConfigurationIsVisible = 0;
			defaultConfigurationName = Release;
		};
		359D5C001ABF12110001FD13 /* Build configuration list for PBXNativeTarget "task4" */ = {
			isa = XCConfigurationList;
			buildConfigurations = (
				359D5C011ABF12110001FD13 /* Debug */,
				359D5C021ABF12110001FD13 /* Release */,
			);
			defaultConfigurationIsVisible = 0;
			defaultConfigurationName = Release;
		};
/* End XCConfigurationList section */
	};
	rootObject = 359D5BF11ABF12100001FD13 /* Project object */;
}
